// !$*UTF8*$!
{
	archiveVersion = 1;
	classes = {
	};
	objectVersion = 55;
	objects = {

/* Begin PBXBuildFile section */
		29F39FC02882C1CE00A74C64 /* AppDelegate.swift in Sources */ = {isa = PBXBuildFile; fileRef = 29F39FBF2882C1CE00A74C64 /* AppDelegate.swift */; };
		29F39FC22882C1CE00A74C64 /* SceneDelegate.swift in Sources */ = {isa = PBXBuildFile; fileRef = 29F39FC12882C1CE00A74C64 /* SceneDelegate.swift */; };
		29F39FC42882C1CE00A74C64 /* ViewController.swift in Sources */ = {isa = PBXBuildFile; fileRef = 29F39FC32882C1CE00A74C64 /* ViewController.swift */; };
		29F39FC72882C1CE00A74C64 /* Main.storyboard in Resources */ = {isa = PBXBuildFile; fileRef = 29F39FC52882C1CE00A74C64 /* Main.storyboard */; };
		29F39FC92882C1CF00A74C64 /* Assets.xcassets in Resources */ = {isa = PBXBuildFile; fileRef = 29F39FC82882C1CF00A74C64 /* Assets.xcassets */; };
		29F39FCC2882C1CF00A74C64 /* LaunchScreen.storyboard in Resources */ = {isa = PBXBuildFile; fileRef = 29F39FCA2882C1CF00A74C64 /* LaunchScreen.storyboard */; };
		29F39FD52882C1DB00A74C64 /* SwiftCLib.framework in Frameworks */ = {isa = PBXBuildFile; fileRef = 29F39FD42882C1DB00A74C64 /* SwiftCLib.framework */; };
		29F39FD62882C1DB00A74C64 /* SwiftCLib.framework in Embed Frameworks */ = {isa = PBXBuildFile; fileRef = 29F39FD42882C1DB00A74C64 /* SwiftCLib.framework */; settings = {ATTRIBUTES = (CodeSignOnCopy, RemoveHeadersOnCopy, ); }; };
/* End PBXBuildFile section */

/* Begin PBXCopyFilesBuildPhase section */
		29F39FD72882C1DB00A74C64 /* Embed Frameworks */ = {
			isa = PBXCopyFilesBuildPhase;
			buildActionMask = 2147483647;
			dstPath = "";
			dstSubfolderSpec = 10;
			files = (
				29F39FD62882C1DB00A74C64 /* SwiftCLib.framework in Embed Frameworks */,
			);
			name = "Embed Frameworks";
			runOnlyForDeploymentPostprocessing = 0;
		};
/* End PBXCopyFilesBuildPhase section */

/* Begin PBXFileReference section */
		29F39FBC2882C1CE00A74C64 /* LibRunner.app */ = {isa = PBXFileReference; explicitFileType = wrapper.application; includeInIndex = 0; path = LibRunner.app; sourceTree = BUILT_PRODUCTS_DIR; };
		29F39FBF2882C1CE00A74C64 /* AppDelegate.swift */ = {isa = PBXFileReference; lastKnownFileType = sourcecode.swift; path = AppDelegate.swift; sourceTree = "<group>"; };
		29F39FC12882C1CE00A74C64 /* SceneDelegate.swift */ = {isa = PBXFileReference; lastKnownFileType = sourcecode.swift; path = SceneDelegate.swift; sourceTree = "<group>"; };
		29F39FC32882C1CE00A74C64 /* ViewController.swift */ = {isa = PBXFileReference; lastKnownFileType = sourcecode.swift; path = ViewController.swift; sourceTree = "<group>"; };
		29F39FC62882C1CE00A74C64 /* Base */ = {isa = PBXFileReference; lastKnownFileType = file.storyboard; name = Base; path = Base.lproj/Main.storyboard; sourceTree = "<group>"; };
		29F39FC82882C1CF00A74C64 /* Assets.xcassets */ = {isa = PBXFileReference; lastKnownFileType = folder.assetcatalog; path = Assets.xcassets; sourceTree = "<group>"; };
		29F39FCB2882C1CF00A74C64 /* Base */ = {isa = PBXFileReference; lastKnownFileType = file.storyboard; name = Base; path = Base.lproj/LaunchScreen.storyboard; sourceTree = "<group>"; };
		29F39FCD2882C1CF00A74C64 /* Info.plist */ = {isa = PBXFileReference; lastKnownFileType = text.plist.xml; path = Info.plist; sourceTree = "<group>"; };
		29F39FD42882C1DB00A74C64 /* SwiftCLib.framework */ = {isa = PBXFileReference; explicitFileType = wrapper.framework; path = SwiftCLib.framework; sourceTree = BUILT_PRODUCTS_DIR; };
/* End PBXFileReference section */

/* Begin PBXFrameworksBuildPhase section */
		29F39FB92882C1CE00A74C64 /* Frameworks */ = {
			isa = PBXFrameworksBuildPhase;
			buildActionMask = 2147483647;
			files = (
				29F39FD52882C1DB00A74C64 /* SwiftCLib.framework in Frameworks */,
			);
			runOnlyForDeploymentPostprocessing = 0;
		};
/* End PBXFrameworksBuildPhase section */

/* Begin PBXGroup section */
		29F39FB32882C1CE00A74C64 = {
			isa = PBXGroup;
			children = (
				29F39FBE2882C1CE00A74C64 /* LibRunner */,
				29F39FBD2882C1CE00A74C64 /* Products */,
				29F39FD32882C1DB00A74C64 /* Frameworks */,
			);
			sourceTree = "<group>";
		};
		29F39FBD2882C1CE00A74C64 /* Products */ = {
			isa = PBXGroup;
			children = (
				29F39FBC2882C1CE00A74C64 /* LibRunner.app */,
			);
			name = Products;
			sourceTree = "<group>";
		};
		29F39FBE2882C1CE00A74C64 /* LibRunner */ = {
			isa = PBXGroup;
			children = (
				29F39FBF2882C1CE00A74C64 /* AppDelegate.swift */,
				29F39FC12882C1CE00A74C64 /* SceneDelegate.swift */,
				29F39FC32882C1CE00A74C64 /* ViewController.swift */,
				29F39FC52882C1CE00A74C64 /* Main.storyboard */,
				29F39FC82882C1CF00A74C64 /* Assets.xcassets */,
				29F39FCA2882C1CF00A74C64 /* LaunchScreen.storyboard */,
				29F39FCD2882C1CF00A74C64 /* Info.plist */,
			);
			path = LibRunner;
			sourceTree = "<group>";
		};
		29F39FD32882C1DB00A74C64 /* Frameworks */ = {
			isa = PBXGroup;
			children = (
				29F39FD42882C1DB00A74C64 /* SwiftCLib.framework */,
			);
			name = Frameworks;
			sourceTree = "<group>";
		};
/* End PBXGroup section */

/* Begin PBXNativeTarget section */
		29F39FBB2882C1CE00A74C64 /* LibRunner */ = {
			isa = PBXNativeTarget;
			buildConfigurationList = 29F39FD02882C1CF00A74C64 /* Build configuration list for PBXNativeTarget "LibRunner" */;
			buildPhases = (
				29F39FB82882C1CE00A74C64 /* Sources */,
				29F39FB92882C1CE00A74C64 /* Frameworks */,
				29F39FBA2882C1CE00A74C64 /* Resources */,
				29F39FD72882C1DB00A74C64 /* Embed Frameworks */,
			);
			buildRules = (
			);
			dependencies = (
			);
			name = LibRunner;
			productName = LibRunner;
			productReference = 29F39FBC2882C1CE00A74C64 /* LibRunner.app */;
			productType = "com.apple.product-type.application";
		};
/* End PBXNativeTarget section */

/* Begin PBXProject section */
		29F39FB42882C1CE00A74C64 /* Project object */ = {
			isa = PBXProject;
			attributes = {
				BuildIndependentTargetsInParallel = 1;
				LastSwiftUpdateCheck = 1340;
				LastUpgradeCheck = 1340;
				TargetAttributes = {
					29F39FBB2882C1CE00A74C64 = {
						CreatedOnToolsVersion = 13.4.1;
					};
				};
			};
			buildConfigurationList = 29F39FB72882C1CE00A74C64 /* Build configuration list for PBXProject "LibRunner" */;
			compatibilityVersion = "Xcode 13.0";
			developmentRegion = en;
			hasScannedForEncodings = 0;
			knownRegions = (
				en,
				Base,
			);
			mainGroup = 29F39FB32882C1CE00A74C64;
			productRefGroup = 29F39FBD2882C1CE00A74C64 /* Products */;
			projectDirPath = "";
			projectRoot = "";
			targets = (
				29F39FBB2882C1CE00A74C64 /* LibRunner */,
			);
		};
/* End PBXProject section */

/* Begin PBXResourcesBuildPhase section */
		29F39FBA2882C1CE00A74C64 /* Resources */ = {
			isa = PBXResourcesBuildPhase;
			buildActionMask = 2147483647;
			files = (
				29F39FCC2882C1CF00A74C64 /* LaunchScreen.storyboard in Resources */,
				29F39FC92882C1CF00A74C64 /* Assets.xcassets in Resources */,
				29F39FC72882C1CE00A74C64 /* Main.storyboard in Resources */,
			);
			runOnlyForDeploymentPostprocessing = 0;
		};
/* End PBXResourcesBuildPhase section */

/* Begin PBXSourcesBuildPhase section */
		29F39FB82882C1CE00A74C64 /* Sources */ = {
			isa = PBXSourcesBuildPhase;
			buildActionMask = 2147483647;
			files = (
				29F39FC42882C1CE00A74C64 /* ViewController.swift in Sources */,
				29F39FC02882C1CE00A74C64 /* AppDelegate.swift in Sources */,
				29F39FC22882C1CE00A74C64 /* SceneDelegate.swift in Sources */,
			);
			runOnlyForDeploymentPostprocessing = 0;
		};
/* End PBXSourcesBuildPhase section */

/* Begin PBXVariantGroup section */
		29F39FC52882C1CE00A74C64 /* Main.storyboard */ = {
			isa = PBXVariantGroup;
			children = (
				29F39FC62882C1CE00A74C64 /* Base */,
			);
			name = Main.storyboard;
			sourceTree = "<group>";
		};
		29F39FCA2882C1CF00A74C64 /* LaunchScreen.storyboard */ = {
			isa = PBXVariantGroup;
			children = (
				29F39FCB2882C1CF00A74C64 /* Base */,
			);
			name = LaunchScreen.storyboard;
			sourceTree = "<group>";
		};
/* End PBXVariantGroup section */

/* Begin XCBuildConfiguration section */
		29F39FCE2882C1CF00A74C64 /* Debug */ = {
			isa = XCBuildConfiguration;
			buildSettings = {
				ALWAYS_SEARCH_USER_PATHS = NO;
				CLANG_ANALYZER_NONNULL = YES;
				CLANG_ANALYZER_NUMBER_OBJECT_CONVERSION = YES_AGGRESSIVE;
				CLANG_CXX_LANGUAGE_STANDARD = "gnu++17";
				CLANG_ENABLE_MODULES = YES;
				CLANG_ENABLE_OBJC_ARC = YES;
				CLANG_ENABLE_OBJC_WEAK = YES;
				CLANG_WARN_BLOCK_CAPTURE_AUTORELEASING = YES;
				CLANG_WARN_BOOL_CONVERSION = YES;
				CLANG_WARN_COMMA = YES;
				CLANG_WARN_CONSTANT_CONVERSION = YES;
				CLANG_WARN_DEPRECATED_OBJC_IMPLEMENTATIONS = YES;
				CLANG_WARN_DIRECT_OBJC_ISA_USAGE = YES_ERROR;
				CLANG_WARN_DOCUMENTATION_COMMENTS = YES;
				CLANG_WARN_EMPTY_BODY = YES;
				CLANG_WARN_ENUM_CONVERSION = YES;
				CLANG_WARN_INFINITE_RECURSION = YES;
				CLANG_WARN_INT_CONVERSION = YES;
				CLANG_WARN_NON_LITERAL_NULL_CONVERSION = YES;
				CLANG_WARN_OBJC_IMPLICIT_RETAIN_SELF = YES;
				CLANG_WARN_OBJC_LITERAL_CONVERSION = YES;
				CLANG_WARN_OBJC_ROOT_CLASS = YES_ERROR;
				CLANG_WARN_QUOTED_INCLUDE_IN_FRAMEWORK_HEADER = YES;
				CLANG_WARN_RANGE_LOOP_ANALYSIS = YES;
				CLANG_WARN_STRICT_PROTOTYPES = YES;
				CLANG_WARN_SUSPICIOUS_MOVE = YES;
				CLANG_WARN_UNGUARDED_AVAILABILITY = YES_AGGRESSIVE;
				CLANG_WARN_UNREACHABLE_CODE = YES;
				CLANG_WARN__DUPLICATE_METHOD_MATCH = YES;
				COPY_PHASE_STRIP = NO;
				DEBUG_INFORMATION_FORMAT = dwarf;
				ENABLE_STRICT_OBJC_MSGSEND = YES;
				ENABLE_TESTABILITY = YES;
				GCC_C_LANGUAGE_STANDARD = gnu11;
				GCC_DYNAMIC_NO_PIC = NO;
				GCC_NO_COMMON_BLOCKS = YES;
				GCC_OPTIMIZATION_LEVEL = 0;
				GCC_PREPROCESSOR_DEFINITIONS = (
					"DEBUG=1",
					"$(inherited)",
				);
				GCC_WARN_64_TO_32_BIT_CONVERSION = YES;
				GCC_WARN_ABOUT_RETURN_TYPE = YES_ERROR;
				GCC_WARN_UNDECLARED_SELECTOR = YES;
				GCC_WARN_UNINITIALIZED_AUTOS = YES_AGGRESSIVE;
				GCC_WARN_UNUSED_FUNCTION = YES;
				GCC_WARN_UNUSED_VARIABLE = YES;
				IPHONEOS_DEPLOYMENT_TARGET = 15.5;
				MTL_ENABLE_DEBUG_INFO = INCLUDE_SOURCE;
				MTL_FAST_MATH = YES;
				ONLY_ACTIVE_ARCH = YES;
				SDKROOT = iphoneos;
				SWIFT_ACTIVE_COMPILATION_CONDITIONS = DEBUG;
				SWIFT_OPTIMIZATION_LEVEL = "-Onone";
			};
			name = Debug;
		};
		29F39FCF2882C1CF00A74C64 /* Release */ = {
			isa = XCBuildConfiguration;
			buildSettings = {
				ALWAYS_SEARCH_USER_PATHS = NO;
				CLANG_ANALYZER_NONNULL = YES;
				CLANG_ANALYZER_NUMBER_OBJECT_CONVERSION = YES_AGGRESSIVE;
				CLANG_CXX_LANGUAGE_STANDARD = "gnu++17";
				CLANG_ENABLE_MODULES = YES;
				CLANG_ENABLE_OBJC_ARC = YES;
				CLANG_ENABLE_OBJC_WEAK = YES;
				CLANG_WARN_BLOCK_CAPTURE_AUTORELEASING = YES;
				CLANG_WARN_BOOL_CONVERSION = YES;
				CLANG_WARN_COMMA = YES;
				CLANG_WARN_CONSTANT_CONVERSION = YES;
				CLANG_WARN_DEPRECATED_OBJC_IMPLEMENTATIONS = YES;
				CLANG_WARN_DIRECT_OBJC_ISA_USAGE = YES_ERROR;
				CLANG_WARN_DOCUMENTATION_COMMENTS = YES;
				CLANG_WARN_EMPTY_BODY = YES;
				CLANG_WARN_ENUM_CONVERSION = YES;
				CLANG_WARN_INFINITE_RECURSION = YES;
				CLANG_WARN_INT_CONVERSION = YES;
				CLANG_WARN_NON_LITERAL_NULL_CONVERSION = YES;
				CLANG_WARN_OBJC_IMPLICIT_RETAIN_SELF = YES;
				CLANG_WARN_OBJC_LITERAL_CONVERSION = YES;
				CLANG_WARN_OBJC_ROOT_CLASS = YES_ERROR;
				CLANG_WARN_QUOTED_INCLUDE_IN_FRAMEWORK_HEADER = YES;
				CLANG_WARN_RANGE_LOOP_ANALYSIS = YES;
				CLANG_WARN_STRICT_PROTOTYPES = YES;
				CLANG_WARN_SUSPICIOUS_MOVE = YES;
				CLANG_WARN_UNGUARDED_AVAILABILITY = YES_AGGRESSIVE;
				CLANG_WARN_UNREACHABLE_CODE = YES;
				CLANG_WARN__DUPLICATE_METHOD_MATCH = YES;
				COPY_PHASE_STRIP = NO;
				DEBUG_INFORMATION_FORMAT = "dwarf-with-dsym";
				ENABLE_NS_ASSERTIONS = NO;
				ENABLE_STRICT_OBJC_MSGSEND = YES;
				GCC_C_LANGUAGE_STANDARD = gnu11;
				GCC_NO_COMMON_BLOCKS = YES;
				GCC_WARN_64_TO_32_BIT_CONVERSION = YES;
				GCC_WARN_ABOUT_RETURN_TYPE = YES_ERROR;
				GCC_WARN_UNDECLARED_SELECTOR = YES;
				GCC_WARN_UNINITIALIZED_AUTOS = YES_AGGRESSIVE;
				GCC_WARN_UNUSED_FUNCTION = YES;
				GCC_WARN_UNUSED_VARIABLE = YES;
				IPHONEOS_DEPLOYMENT_TARGET = 15.5;
				MTL_ENABLE_DEBUG_INFO = NO;
				MTL_FAST_MATH = YES;
				SDKROOT = iphoneos;
				SWIFT_COMPILATION_MODE = wholemodule;
				SWIFT_OPTIMIZATION_LEVEL = "-O";
				VALIDATE_PRODUCT = YES;
			};
			name = Release;
		};
		29F39FD12882C1CF00A74C64 /* Debug */ = {
			isa = XCBuildConfiguration;
			buildSettings = {
				ASSETCATALOG_COMPILER_APPICON_NAME = AppIcon;
				ASSETCATALOG_COMPILER_GLOBAL_ACCENT_COLOR_NAME = AccentColor;
				CODE_SIGN_STYLE = Automatic;
				CURRENT_PROJECT_VERSION = 1;
				DEVELOPMENT_TEAM = 46B6AQSG7B;
				GENERATE_INFOPLIST_FILE = YES;
				INFOPLIST_FILE = LibRunner/Info.plist;
				INFOPLIST_KEY_UIApplicationSupportsIndirectInputEvents = YES;
				INFOPLIST_KEY_UILaunchStoryboardName = LaunchScreen;
				INFOPLIST_KEY_UIMainStoryboardFile = Main;
				INFOPLIST_KEY_UISupportedInterfaceOrientations_iPad = "UIInterfaceOrientationPortrait UIInterfaceOrientationPortraitUpsideDown UIInterfaceOrientationLandscapeLeft UIInterfaceOrientationLandscapeRight";
				INFOPLIST_KEY_UISupportedInterfaceOrientations_iPhone = "UIInterfaceOrientationPortrait UIInterfaceOrientationLandscapeLeft UIInterfaceOrientationLandscapeRight";
				LD_RUNPATH_SEARCH_PATHS = (
					"$(inherited)",
					"@executable_path/Frameworks",
				);
				MARKETING_VERSION = 1.0;
				PRODUCT_BUNDLE_IDENTIFIER = com.sofloworks.LibRunner;
				PRODUCT_NAME = "$(TARGET_NAME)";
				SWIFT_EMIT_LOC_STRINGS = YES;
				SWIFT_VERSION = 5.0;
				TARGETED_DEVICE_FAMILY = "1,2";
			};
			name = Debug;
		};
		29F39FD22882C1CF00A74C64 /* Release */ = {
			isa = XCBuildConfiguration;
			buildSettings = {
				ASSETCATALOG_COMPILER_APPICON_NAME = AppIcon;
				ASSETCATALOG_COMPILER_GLOBAL_ACCENT_COLOR_NAME = AccentColor;
				CODE_SIGN_STYLE = Automatic;
				CURRENT_PROJECT_VERSION = 1;
				DEVELOPMENT_TEAM = 46B6AQSG7B;
				GENERATE_INFOPLIST_FILE = YES;
				INFOPLIST_FILE = LibRunner/Info.plist;
				INFOPLIST_KEY_UIApplicationSupportsIndirectInputEvents = YES;
				INFOPLIST_KEY_UILaunchStoryboardName = LaunchScreen;
				INFOPLIST_KEY_UIMainStoryboardFile = Main;
				INFOPLIST_KEY_UISupportedInterfaceOrientations_iPad = "UIInterfaceOrientationPortrait UIInterfaceOrientationPortraitUpsideDown UIInterfaceOrientationLandscapeLeft UIInterfaceOrientationLandscapeRight";
				INFOPLIST_KEY_UISupportedInterfaceOrientations_iPhone = "UIInterfaceOrientationPortrait UIInterfaceOrientationLandscapeLeft UIInterfaceOrientationLandscapeRight";
				LD_RUNPATH_SEARCH_PATHS = (
					"$(inherited)",
					"@executable_path/Frameworks",
				);
				MARKETING_VERSION = 1.0;
				PRODUCT_BUNDLE_IDENTIFIER = com.sofloworks.LibRunner;
				PRODUCT_NAME = "$(TARGET_NAME)";
				SWIFT_EMIT_LOC_STRINGS = YES;
				SWIFT_VERSION = 5.0;
				TARGETED_DEVICE_FAMILY = "1,2";
			};
			name = Release;
		};
/* End XCBuildConfiguration section */

/* Begin XCConfigurationList section */
		29F39FB72882C1CE00A74C64 /* Build configuration list for PBXProject "LibRunner" */ = {
			isa = XCConfigurationList;
			buildConfigurations = (
				29F39FCE2882C1CF00A74C64 /* Debug */,
				29F39FCF2882C1CF00A74C64 /* Release */,
			);
			defaultConfigurationIsVisible = 0;
			defaultConfigurationName = Release;
		};
		29F39FD02882C1CF00A74C64 /* Build configuration list for PBXNativeTarget "LibRunner" */ = {
			isa = XCConfigurationList;
			buildConfigurations = (
				29F39FD12882C1CF00A74C64 /* Debug */,
				29F39FD22882C1CF00A74C64 /* Release */,
			);
			defaultConfigurationIsVisible = 0;
			defaultConfigurationName = Release;
		};
/* End XCConfigurationList section */
	};
	rootObject = 29F39FB42882C1CE00A74C64 /* Project object */;
}
